
Microsoft Visual Studio Solution File, Format Version 12.00
# Visual Studio Version 17
VisualStudioVersion = 17.11.35327.3
MinimumVisualStudioVersion = 10.0.40219.1
Project("{FAE04EC0-301F-11D3-BF4B-00C04F79EFBC}") = "Common", "Common\Common.csproj", "{1322B5FF-BA1E-4763-A38E-5D18A74A3671}"
EndProject
Global
	GlobalSection(SolutionConfigurationPlatforms) = preSolution
		Debug|Any CPU = Debug|Any CPU
		Release|Any CPU = Release|Any CPU
	EndGlobalSection
	GlobalSection(ProjectConfigurationPlatforms) = postSolution
		{1322B5FF-BA1E-4763-A38E-5D18A74A3671}.Debug|Any CPU.ActiveCfg = Debug|Any CPU
		{1322B5FF-BA1E-4763-A38E-5D18A74A3671}.Debug|Any CPU.Build.0 = Debug|Any CPU
		{1322B5FF-BA1E-4763-A38E-5D18A74A3671}.Release|Any CPU.ActiveCfg = Release|Any CPU
		{1322B5FF-BA1E-4763-A38E-5D18A74A3671}.Release|Any CPU.Build.0 = Release|Any CPU
	EndGlobalSection
	GlobalSection(SolutionProperties) = preSolution
		HideSolutionNode = FALSE
	EndGlobalSection
	GlobalSection(ExtensibilityGlobals) = postSolution
		SolutionGuid = {C303FCBD-7DE0-4998-A07F-08A92AFC109B}
	EndGlobalSection
EndGlobal
