
Microsoft Visual Studio Solution File, Format Version 12.00
# Visual Studio Version 17
VisualStudioVersion = 17.11.35327.3
MinimumVisualStudioVersion = 10.0.40219.1
Project("{9A19103F-16F7-4668-BE54-9A1E7A4F7556}") = "Common", "Common\Common.csproj", "{1322B5FF-BA1E-4763-A38E-5D18A74A3671}"
EndProject
Project("{9A19103F-16F7-4668-BE54-9A1E7A4F7556}") = "Common.Tests", "Common.Tests\Common.Tests.csproj", "{49B6AD59-98C3-415C-ADB6-636F0ED78293}"
EndProject
Project("{9A19103F-16F7-4668-BE54-9A1E7A4F7556}") = "API", "API\API.csproj", "{A4D253F2-177D-40E4-B88A-96D4DD6F6992}"
EndProject
Project("{9A19103F-16F7-4668-BE54-9A1E7A4F7556}") = "ApiTests", "ApiTests\ApiTests.csproj", "{92D795B2-EC56-43D9-BDE9-F2EF4CE67CFF}"
EndProject
Project("{2150E333-8FDC-42A3-9474-1A3956D46DE8}") = "tests", "tests", "{79C952B0-8B79-40E6-9BC0-294C022336DF}"
EndProject
Global
	GlobalSection(SolutionConfigurationPlatforms) = preSolution
		Debug|Any CPU = Debug|Any CPU
		Release|Any CPU = Release|Any CPU
	EndGlobalSection
	GlobalSection(ProjectConfigurationPlatforms) = postSolution
		{1322B5FF-BA1E-4763-A38E-5D18A74A3671}.Debug|Any CPU.ActiveCfg = Debug|Any CPU
		{1322B5FF-BA1E-4763-A38E-5D18A74A3671}.Debug|Any CPU.Build.0 = Debug|Any CPU
		{1322B5FF-BA1E-4763-A38E-5D18A74A3671}.Release|Any CPU.ActiveCfg = Release|Any CPU
		{1322B5FF-BA1E-4763-A38E-5D18A74A3671}.Release|Any CPU.Build.0 = Release|Any CPU
		{49B6AD59-98C3-415C-ADB6-636F0ED78293}.Debug|Any CPU.ActiveCfg = Debug|Any CPU
		{49B6AD59-98C3-415C-ADB6-636F0ED78293}.Debug|Any CPU.Build.0 = Debug|Any CPU
		{49B6AD59-98C3-415C-ADB6-636F0ED78293}.Release|Any CPU.ActiveCfg = Release|Any CPU
		{49B6AD59-98C3-415C-ADB6-636F0ED78293}.Release|Any CPU.Build.0 = Release|Any CPU
		{A4D253F2-177D-40E4-B88A-96D4DD6F6992}.Debug|Any CPU.ActiveCfg = Debug|Any CPU
		{A4D253F2-177D-40E4-B88A-96D4DD6F6992}.Debug|Any CPU.Build.0 = Debug|Any CPU
		{A4D253F2-177D-40E4-B88A-96D4DD6F6992}.Release|Any CPU.ActiveCfg = Release|Any CPU
		{A4D253F2-177D-40E4-B88A-96D4DD6F6992}.Release|Any CPU.Build.0 = Release|Any CPU
		{92D795B2-EC56-43D9-BDE9-F2EF4CE67CFF}.Debug|Any CPU.ActiveCfg = Debug|Any CPU
		{92D795B2-EC56-43D9-BDE9-F2EF4CE67CFF}.Debug|Any CPU.Build.0 = Debug|Any CPU
		{92D795B2-EC56-43D9-BDE9-F2EF4CE67CFF}.Release|Any CPU.ActiveCfg = Release|Any CPU
		{92D795B2-EC56-43D9-BDE9-F2EF4CE67CFF}.Release|Any CPU.Build.0 = Release|Any CPU
	EndGlobalSection
	GlobalSection(SolutionProperties) = preSolution
		HideSolutionNode = FALSE
	EndGlobalSection
	GlobalSection(NestedProjects) = preSolution
		{49B6AD59-98C3-415C-ADB6-636F0ED78293} = {79C952B0-8B79-40E6-9BC0-294C022336DF}
		{92D795B2-EC56-43D9-BDE9-F2EF4CE67CFF} = {79C952B0-8B79-40E6-9BC0-294C022336DF}
	EndGlobalSection
	GlobalSection(ExtensibilityGlobals) = postSolution
		SolutionGuid = {C303FCBD-7DE0-4998-A07F-08A92AFC109B}
	EndGlobalSection
EndGlobal
